// !$*UTF8*$!
{
	archiveVersion = 1;
	classes = {
	};
	objectVersion = 70;
	objects = {

/* Begin PBXBuildFile section */
		ED1F01702E05F1C10068EC7E /* DayliForecastView.swift in Sources */ = {isa = PBXBuildFile; fileRef = ED1F016F2E05F1B90068EC7E /* DayliForecastView.swift */; };
		ED275AA22E05A5170011C0C3 /* DailyForecastModels.swift in Sources */ = {isa = PBXBuildFile; fileRef = ED275AA12E05A5160011C0C3 /* DailyForecastModels.swift */; };
		ED275AA42E05A65A0011C0C3 /* DailyForecastViewModel.swift in Sources */ = {isa = PBXBuildFile; fileRef = ED275AA32E05A6250011C0C3 /* DailyForecastViewModel.swift */; };
		ED8A5F8A2DFD6DAC00ABB713 /* WundergroundApp.swift in Sources */ = {isa = PBXBuildFile; fileRef = ED8A5F892DFD6DAC00ABB713 /* WundergroundApp.swift */; };
		ED8A5F8C2DFD6DAC00ABB713 /* ContentView.swift in Sources */ = {isa = PBXBuildFile; fileRef = ED8A5F8B2DFD6DAC00ABB713 /* ContentView.swift */; };
		ED8A5F8E2DFD6DB100ABB713 /* Assets.xcassets in Resources */ = {isa = PBXBuildFile; fileRef = ED8A5F8D2DFD6DB100ABB713 /* Assets.xcassets */; };
		ED8A5F912DFD6DB100ABB713 /* Preview Assets.xcassets in Resources */ = {isa = PBXBuildFile; fileRef = ED8A5F902DFD6DB100ABB713 /* Preview Assets.xcassets */; };
		ED8A5F9A2DFD8EDE00ABB713 /* PWSViewModel.swift in Sources */ = {isa = PBXBuildFile; fileRef = ED8A5F982DFD8EDD00ABB713 /* PWSViewModel.swift */; };
		ED8A5F9B2DFD8EDE00ABB713 /* PWSModels.swift in Sources */ = {isa = PBXBuildFile; fileRef = ED8A5F992DFD8EDD00ABB713 /* PWSModels.swift */; };
		ED8A5F9D2DFD90BF00ABB713 /* SettingsView.swift in Sources */ = {isa = PBXBuildFile; fileRef = ED8A5F9C2DFD90BF00ABB713 /* SettingsView.swift */; };
/* End PBXBuildFile section */

/* Begin PBXFileReference section */
		ED1F016F2E05F1B90068EC7E /* DayliForecastView.swift */ = {isa = PBXFileReference; lastKnownFileType = sourcecode.swift; path = DayliForecastView.swift; sourceTree = "<group>"; };
		ED275AA12E05A5160011C0C3 /* DailyForecastModels.swift */ = {isa = PBXFileReference; lastKnownFileType = sourcecode.swift; path = DailyForecastModels.swift; sourceTree = "<group>"; };
		ED275AA32E05A6250011C0C3 /* DailyForecastViewModel.swift */ = {isa = PBXFileReference; lastKnownFileType = sourcecode.swift; path = DailyForecastViewModel.swift; sourceTree = "<group>"; };
		ED7E14382E03587C007082D9 /* Wunderground-IOS.app */ = {isa = PBXFileReference; explicitFileType = wrapper.application; includeInIndex = 0; path = "Wunderground-IOS.app"; sourceTree = BUILT_PRODUCTS_DIR; };
		ED8A5F862DFD6DAC00ABB713 /* Wunderground.app */ = {isa = PBXFileReference; explicitFileType = wrapper.application; includeInIndex = 0; path = Wunderground.app; sourceTree = BUILT_PRODUCTS_DIR; };
		ED8A5F892DFD6DAC00ABB713 /* WundergroundApp.swift */ = {isa = PBXFileReference; lastKnownFileType = sourcecode.swift; path = WundergroundApp.swift; sourceTree = "<group>"; };
		ED8A5F8B2DFD6DAC00ABB713 /* ContentView.swift */ = {isa = PBXFileReference; lastKnownFileType = sourcecode.swift; path = ContentView.swift; sourceTree = "<group>"; };
		ED8A5F8D2DFD6DB100ABB713 /* Assets.xcassets */ = {isa = PBXFileReference; lastKnownFileType = folder.assetcatalog; path = Assets.xcassets; sourceTree = "<group>"; };
		ED8A5F902DFD6DB100ABB713 /* Preview Assets.xcassets */ = {isa = PBXFileReference; lastKnownFileType = folder.assetcatalog; path = "Preview Assets.xcassets"; sourceTree = "<group>"; };
		ED8A5F922DFD6DB100ABB713 /* Wunderground.entitlements */ = {isa = PBXFileReference; lastKnownFileType = text.plist.entitlements; path = Wunderground.entitlements; sourceTree = "<group>"; };
		ED8A5F982DFD8EDD00ABB713 /* PWSViewModel.swift */ = {isa = PBXFileReference; fileEncoding = 4; lastKnownFileType = sourcecode.swift; path = PWSViewModel.swift; sourceTree = "<group>"; };
		ED8A5F992DFD8EDD00ABB713 /* PWSModels.swift */ = {isa = PBXFileReference; fileEncoding = 4; lastKnownFileType = sourcecode.swift; path = PWSModels.swift; sourceTree = "<group>"; };
		ED8A5F9C2DFD90BF00ABB713 /* SettingsView.swift */ = {isa = PBXFileReference; fileEncoding = 4; lastKnownFileType = sourcecode.swift; path = SettingsView.swift; sourceTree = "<group>"; };
/* End PBXFileReference section */

/* Begin PBXFileSystemSynchronizedRootGroup section */
		ED7E14392E03587C007082D9 /* Wunderground-IOS */ = {isa = PBXFileSystemSynchronizedRootGroup; explicitFileTypes = {}; explicitFolders = (); path = "Wunderground-IOS"; sourceTree = "<group>"; };
/* End PBXFileSystemSynchronizedRootGroup section */

/* Begin PBXFrameworksBuildPhase section */
		ED7E14352E03587C007082D9 /* Frameworks */ = {
			isa = PBXFrameworksBuildPhase;
			buildActionMask = 2147483647;
			files = (
			);
			runOnlyForDeploymentPostprocessing = 0;
		};
		ED8A5F832DFD6DAC00ABB713 /* Frameworks */ = {
			isa = PBXFrameworksBuildPhase;
			buildActionMask = 2147483647;
			files = (
			);
			runOnlyForDeploymentPostprocessing = 0;
		};
/* End PBXFrameworksBuildPhase section */

/* Begin PBXGroup section */
		ED8A5F7D2DFD6DAB00ABB713 = {
			isa = PBXGroup;
			children = (
				ED8A5F882DFD6DAC00ABB713 /* Wunderground */,
				ED7E14392E03587C007082D9 /* Wunderground-IOS */,
				ED8A5F872DFD6DAC00ABB713 /* Products */,
			);
			sourceTree = "<group>";
		};
		ED8A5F872DFD6DAC00ABB713 /* Products */ = {
			isa = PBXGroup;
			children = (
				ED8A5F862DFD6DAC00ABB713 /* Wunderground.app */,
				ED7E14382E03587C007082D9 /* Wunderground-IOS.app */,
			);
			name = Products;
			sourceTree = "<group>";
		};
		ED8A5F882DFD6DAC00ABB713 /* Wunderground */ = {
			isa = PBXGroup;
			children = (
				ED1F016F2E05F1B90068EC7E /* DayliForecastView.swift */,
				ED275AA32E05A6250011C0C3 /* DailyForecastViewModel.swift */,
				ED8A5F9C2DFD90BF00ABB713 /* SettingsView.swift */,
				ED8A5F992DFD8EDD00ABB713 /* PWSModels.swift */,
				ED8A5F982DFD8EDD00ABB713 /* PWSViewModel.swift */,
				ED8A5F892DFD6DAC00ABB713 /* WundergroundApp.swift */,
				ED8A5F8B2DFD6DAC00ABB713 /* ContentView.swift */,
				ED275AA12E05A5160011C0C3 /* DailyForecastModels.swift */,
				ED8A5F8D2DFD6DB100ABB713 /* Assets.xcassets */,
				ED8A5F922DFD6DB100ABB713 /* Wunderground.entitlements */,
				ED8A5F8F2DFD6DB100ABB713 /* Preview Content */,
			);
			path = Wunderground;
			sourceTree = "<group>";
		};
		ED8A5F8F2DFD6DB100ABB713 /* Preview Content */ = {
			isa = PBXGroup;
			children = (
				ED8A5F902DFD6DB100ABB713 /* Preview Assets.xcassets */,
			);
			path = "Preview Content";
			sourceTree = "<group>";
		};
/* End PBXGroup section */

/* Begin PBXNativeTarget section */
		ED7E14372E03587C007082D9 /* Wunderground-IOS */ = {
			isa = PBXNativeTarget;
			buildConfigurationList = ED7E14422E03587F007082D9 /* Build configuration list for PBXNativeTarget "Wunderground-IOS" */;
			buildPhases = (
				ED7E14342E03587C007082D9 /* Sources */,
				ED7E14352E03587C007082D9 /* Frameworks */,
				ED7E14362E03587C007082D9 /* Resources */,
			);
			buildRules = (
			);
			dependencies = (
			);
			fileSystemSynchronizedGroups = (
				ED7E14392E03587C007082D9 /* Wunderground-IOS */,
			);
			name = "Wunderground-IOS";
			packageProductDependencies = (
			);
			productName = "Wunderground-IOS";
			productReference = ED7E14382E03587C007082D9 /* Wunderground-IOS.app */;
			productType = "com.apple.product-type.application";
		};
		ED8A5F852DFD6DAC00ABB713 /* Wunderground */ = {
			isa = PBXNativeTarget;
			buildConfigurationList = ED8A5F952DFD6DB100ABB713 /* Build configuration list for PBXNativeTarget "Wunderground" */;
			buildPhases = (
				ED8A5F822DFD6DAC00ABB713 /* Sources */,
				ED8A5F832DFD6DAC00ABB713 /* Frameworks */,
				ED8A5F842DFD6DAC00ABB713 /* Resources */,
			);
			buildRules = (
			);
			dependencies = (
			);
			name = Wunderground;
			productName = Wunderground;
			productReference = ED8A5F862DFD6DAC00ABB713 /* Wunderground.app */;
			productType = "com.apple.product-type.application";
		};
/* End PBXNativeTarget section */

/* Begin PBXProject section */
		ED8A5F7E2DFD6DAC00ABB713 /* Project object */ = {
			isa = PBXProject;
			attributes = {
				BuildIndependentTargetsInParallel = 1;
				LastSwiftUpdateCheck = 1640;
				LastUpgradeCheck = 1520;
				TargetAttributes = {
					ED7E14372E03587C007082D9 = {
						CreatedOnToolsVersion = 16.4;
					};
					ED8A5F852DFD6DAC00ABB713 = {
						CreatedOnToolsVersion = 15.2;
					};
				};
			};
			buildConfigurationList = ED8A5F812DFD6DAC00ABB713 /* Build configuration list for PBXProject "Wunderground" */;
			compatibilityVersion = "Xcode 14.0";
			developmentRegion = en;
			hasScannedForEncodings = 0;
			knownRegions = (
				en,
				Base,
			);
			mainGroup = ED8A5F7D2DFD6DAB00ABB713;
			productRefGroup = ED8A5F872DFD6DAC00ABB713 /* Products */;
			projectDirPath = "";
			projectRoot = "";
			targets = (
				ED8A5F852DFD6DAC00ABB713 /* Wunderground */,
				ED7E14372E03587C007082D9 /* Wunderground-IOS */,
			);
		};
/* End PBXProject section */

/* Begin PBXResourcesBuildPhase section */
		ED7E14362E03587C007082D9 /* Resources */ = {
			isa = PBXResourcesBuildPhase;
			buildActionMask = 2147483647;
			files = (
			);
			runOnlyForDeploymentPostprocessing = 0;
		};
		ED8A5F842DFD6DAC00ABB713 /* Resources */ = {
			isa = PBXResourcesBuildPhase;
			buildActionMask = 2147483647;
			files = (
				ED8A5F912DFD6DB100ABB713 /* Preview Assets.xcassets in Resources */,
				ED8A5F8E2DFD6DB100ABB713 /* Assets.xcassets in Resources */,
			);
			runOnlyForDeploymentPostprocessing = 0;
		};
/* End PBXResourcesBuildPhase section */

/* Begin PBXSourcesBuildPhase section */
		ED7E14342E03587C007082D9 /* Sources */ = {
			isa = PBXSourcesBuildPhase;
			buildActionMask = 2147483647;
			files = (
			);
			runOnlyForDeploymentPostprocessing = 0;
		};
		ED8A5F822DFD6DAC00ABB713 /* Sources */ = {
			isa = PBXSourcesBuildPhase;
			buildActionMask = 2147483647;
			files = (
				ED275AA42E05A65A0011C0C3 /* DailyForecastViewModel.swift in Sources */,
				ED275AA22E05A5170011C0C3 /* DailyForecastModels.swift in Sources */,
				ED8A5F9D2DFD90BF00ABB713 /* SettingsView.swift in Sources */,
				ED8A5F9B2DFD8EDE00ABB713 /* PWSModels.swift in Sources */,
				ED8A5F8C2DFD6DAC00ABB713 /* ContentView.swift in Sources */,
				ED8A5F9A2DFD8EDE00ABB713 /* PWSViewModel.swift in Sources */,
				ED8A5F8A2DFD6DAC00ABB713 /* WundergroundApp.swift in Sources */,
				ED1F01702E05F1C10068EC7E /* DayliForecastView.swift in Sources */,
			);
			runOnlyForDeploymentPostprocessing = 0;
		};
/* End PBXSourcesBuildPhase section */

/* Begin XCBuildConfiguration section */
		ED7E14402E03587F007082D9 /* Debug */ = {
			isa = XCBuildConfiguration;
			buildSettings = {
				ASSETCATALOG_COMPILER_APPICON_NAME = AppIcon;
				ASSETCATALOG_COMPILER_GLOBAL_ACCENT_COLOR_NAME = AccentColor;
				CODE_SIGN_IDENTITY = "Apple Development";
				CODE_SIGN_STYLE = Automatic;
				CURRENT_PROJECT_VERSION = 1;
				DEVELOPMENT_TEAM = A84STBMRL6;
				ENABLE_PREVIEWS = YES;
				GENERATE_INFOPLIST_FILE = YES;
				INFOPLIST_KEY_UIApplicationSceneManifest_Generation = YES;
				INFOPLIST_KEY_UIApplicationSupportsIndirectInputEvents = YES;
				INFOPLIST_KEY_UILaunchScreen_Generation = YES;
				INFOPLIST_KEY_UISupportedInterfaceOrientations_iPad = "UIInterfaceOrientationPortrait UIInterfaceOrientationPortraitUpsideDown UIInterfaceOrientationLandscapeLeft UIInterfaceOrientationLandscapeRight";
				INFOPLIST_KEY_UISupportedInterfaceOrientations_iPhone = "UIInterfaceOrientationPortrait UIInterfaceOrientationLandscapeLeft UIInterfaceOrientationLandscapeRight";
				IPHONEOS_DEPLOYMENT_TARGET = 15.6;
				LD_RUNPATH_SEARCH_PATHS = (
					"$(inherited)",
					"@executable_path/Frameworks",
				);
				MARKETING_VERSION = 1.0;
				PRODUCT_BUNDLE_IDENTIFIER = com.olaflueg.wundergroundapp;
				PRODUCT_NAME = "$(TARGET_NAME)";
				PROVISIONING_PROFILE_SPECIFIER = "";
				SDKROOT = iphoneos;
				SUPPORTED_PLATFORMS = "iphoneos iphonesimulator";
				SUPPORTS_MACCATALYST = NO;
				SUPPORTS_XR_DESIGNED_FOR_IPHONE_IPAD = NO;
				SWIFT_EMIT_LOC_STRINGS = YES;
				SWIFT_VERSION = 5.0;
				TARGETED_DEVICE_FAMILY = "1,2";
			};
			name = Debug;
		};
		ED7E14412E03587F007082D9 /* Release */ = {
			isa = XCBuildConfiguration;
			buildSettings = {
				ASSETCATALOG_COMPILER_APPICON_NAME = AppIcon;
				ASSETCATALOG_COMPILER_GLOBAL_ACCENT_COLOR_NAME = AccentColor;
				CODE_SIGN_IDENTITY = "Apple Development";
				CODE_SIGN_STYLE = Automatic;
				CURRENT_PROJECT_VERSION = 1;
				DEVELOPMENT_TEAM = A84STBMRL6;
				ENABLE_PREVIEWS = YES;
				GENERATE_INFOPLIST_FILE = YES;
				INFOPLIST_KEY_UIApplicationSceneManifest_Generation = YES;
				INFOPLIST_KEY_UIApplicationSupportsIndirectInputEvents = YES;
				INFOPLIST_KEY_UILaunchScreen_Generation = YES;
				INFOPLIST_KEY_UISupportedInterfaceOrientations_iPad = "UIInterfaceOrientationPortrait UIInterfaceOrientationPortraitUpsideDown UIInterfaceOrientationLandscapeLeft UIInterfaceOrientationLandscapeRight";
				INFOPLIST_KEY_UISupportedInterfaceOrientations_iPhone = "UIInterfaceOrientationPortrait UIInterfaceOrientationLandscapeLeft UIInterfaceOrientationLandscapeRight";
				IPHONEOS_DEPLOYMENT_TARGET = 15.6;
				LD_RUNPATH_SEARCH_PATHS = (
					"$(inherited)",
					"@executable_path/Frameworks",
				);
				MARKETING_VERSION = 1.0;
				PRODUCT_BUNDLE_IDENTIFIER = com.olaflueg.wundergroundapp;
				PRODUCT_NAME = "$(TARGET_NAME)";
				PROVISIONING_PROFILE_SPECIFIER = "";
				SDKROOT = iphoneos;
				SUPPORTED_PLATFORMS = "iphoneos iphonesimulator";
				SUPPORTS_MACCATALYST = NO;
				SUPPORTS_XR_DESIGNED_FOR_IPHONE_IPAD = NO;
				SWIFT_EMIT_LOC_STRINGS = YES;
				SWIFT_VERSION = 5.0;
				TARGETED_DEVICE_FAMILY = "1,2";
				VALIDATE_PRODUCT = YES;
			};
			name = Release;
		};
		ED8A5F932DFD6DB100ABB713 /* Debug */ = {
			isa = XCBuildConfiguration;
			buildSettings = {
				ALWAYS_SEARCH_USER_PATHS = NO;
				ASSETCATALOG_COMPILER_GENERATE_SWIFT_ASSET_SYMBOL_EXTENSIONS = YES;
				CLANG_ANALYZER_NONNULL = YES;
				CLANG_ANALYZER_NUMBER_OBJECT_CONVERSION = YES_AGGRESSIVE;
				CLANG_CXX_LANGUAGE_STANDARD = "gnu++20";
				CLANG_ENABLE_MODULES = YES;
				CLANG_ENABLE_OBJC_ARC = YES;
				CLANG_ENABLE_OBJC_WEAK = YES;
				CLANG_WARN_BLOCK_CAPTURE_AUTORELEASING = YES;
				CLANG_WARN_BOOL_CONVERSION = YES;
				CLANG_WARN_COMMA = YES;
				CLANG_WARN_CONSTANT_CONVERSION = YES;
				CLANG_WARN_DEPRECATED_OBJC_IMPLEMENTATIONS = YES;
				CLANG_WARN_DIRECT_OBJC_ISA_USAGE = YES_ERROR;
				CLANG_WARN_DOCUMENTATION_COMMENTS = YES;
				CLANG_WARN_EMPTY_BODY = YES;
				CLANG_WARN_ENUM_CONVERSION = YES;
				CLANG_WARN_INFINITE_RECURSION = YES;
				CLANG_WARN_INT_CONVERSION = YES;
				CLANG_WARN_NON_LITERAL_NULL_CONVERSION = YES;
				CLANG_WARN_OBJC_IMPLICIT_RETAIN_SELF = YES;
				CLANG_WARN_OBJC_LITERAL_CONVERSION = YES;
				CLANG_WARN_OBJC_ROOT_CLASS = YES_ERROR;
				CLANG_WARN_QUOTED_INCLUDE_IN_FRAMEWORK_HEADER = YES;
				CLANG_WARN_RANGE_LOOP_ANALYSIS = YES;
				CLANG_WARN_STRICT_PROTOTYPES = YES;
				CLANG_WARN_SUSPICIOUS_MOVE = YES;
				CLANG_WARN_UNGUARDED_AVAILABILITY = YES_AGGRESSIVE;
				CLANG_WARN_UNREACHABLE_CODE = YES;
				CLANG_WARN__DUPLICATE_METHOD_MATCH = YES;
				COPY_PHASE_STRIP = NO;
				DEBUG_INFORMATION_FORMAT = dwarf;
				ENABLE_STRICT_OBJC_MSGSEND = YES;
				ENABLE_TESTABILITY = YES;
				ENABLE_USER_SCRIPT_SANDBOXING = YES;
				GCC_C_LANGUAGE_STANDARD = gnu17;
				GCC_DYNAMIC_NO_PIC = NO;
				GCC_NO_COMMON_BLOCKS = YES;
				GCC_OPTIMIZATION_LEVEL = 0;
				GCC_PREPROCESSOR_DEFINITIONS = (
					"DEBUG=1",
					"$(inherited)",
				);
				GCC_WARN_64_TO_32_BIT_CONVERSION = YES;
				GCC_WARN_ABOUT_RETURN_TYPE = YES_ERROR;
				GCC_WARN_UNDECLARED_SELECTOR = YES;
				GCC_WARN_UNINITIALIZED_AUTOS = YES_AGGRESSIVE;
				GCC_WARN_UNUSED_FUNCTION = YES;
				GCC_WARN_UNUSED_VARIABLE = YES;
				LOCALIZATION_PREFERS_STRING_CATALOGS = YES;
				MACOSX_DEPLOYMENT_TARGET = 13.7;
				MTL_ENABLE_DEBUG_INFO = INCLUDE_SOURCE;
				MTL_FAST_MATH = YES;
				ONLY_ACTIVE_ARCH = YES;
				SDKROOT = macosx;
				SWIFT_ACTIVE_COMPILATION_CONDITIONS = "DEBUG $(inherited)";
				SWIFT_OPTIMIZATION_LEVEL = "-Onone";
			};
			name = Debug;
		};
		ED8A5F942DFD6DB100ABB713 /* Release */ = {
			isa = XCBuildConfiguration;
			buildSettings = {
				ALWAYS_SEARCH_USER_PATHS = NO;
				ASSETCATALOG_COMPILER_GENERATE_SWIFT_ASSET_SYMBOL_EXTENSIONS = YES;
				CLANG_ANALYZER_NONNULL = YES;
				CLANG_ANALYZER_NUMBER_OBJECT_CONVERSION = YES_AGGRESSIVE;
				CLANG_CXX_LANGUAGE_STANDARD = "gnu++20";
				CLANG_ENABLE_MODULES = YES;
				CLANG_ENABLE_OBJC_ARC = YES;
				CLANG_ENABLE_OBJC_WEAK = YES;
				CLANG_WARN_BLOCK_CAPTURE_AUTORELEASING = YES;
				CLANG_WARN_BOOL_CONVERSION = YES;
				CLANG_WARN_COMMA = YES;
				CLANG_WARN_CONSTANT_CONVERSION = YES;
				CLANG_WARN_DEPRECATED_OBJC_IMPLEMENTATIONS = YES;
				CLANG_WARN_DIRECT_OBJC_ISA_USAGE = YES_ERROR;
				CLANG_WARN_DOCUMENTATION_COMMENTS = YES;
				CLANG_WARN_EMPTY_BODY = YES;
				CLANG_WARN_ENUM_CONVERSION = YES;
				CLANG_WARN_INFINITE_RECURSION = YES;
				CLANG_WARN_INT_CONVERSION = YES;
				CLANG_WARN_NON_LITERAL_NULL_CONVERSION = YES;
				CLANG_WARN_OBJC_IMPLICIT_RETAIN_SELF = YES;
				CLANG_WARN_OBJC_LITERAL_CONVERSION = YES;
				CLANG_WARN_OBJC_ROOT_CLASS = YES_ERROR;
				CLANG_WARN_QUOTED_INCLUDE_IN_FRAMEWORK_HEADER = YES;
				CLANG_WARN_RANGE_LOOP_ANALYSIS = YES;
				CLANG_WARN_STRICT_PROTOTYPES = YES;
				CLANG_WARN_SUSPICIOUS_MOVE = YES;
				CLANG_WARN_UNGUARDED_AVAILABILITY = YES_AGGRESSIVE;
				CLANG_WARN_UNREACHABLE_CODE = YES;
				CLANG_WARN__DUPLICATE_METHOD_MATCH = YES;
				COPY_PHASE_STRIP = NO;
				DEBUG_INFORMATION_FORMAT = "dwarf-with-dsym";
				ENABLE_NS_ASSERTIONS = NO;
				ENABLE_STRICT_OBJC_MSGSEND = YES;
				ENABLE_USER_SCRIPT_SANDBOXING = YES;
				GCC_C_LANGUAGE_STANDARD = gnu17;
				GCC_NO_COMMON_BLOCKS = YES;
				GCC_WARN_64_TO_32_BIT_CONVERSION = YES;
				GCC_WARN_ABOUT_RETURN_TYPE = YES_ERROR;
				GCC_WARN_UNDECLARED_SELECTOR = YES;
				GCC_WARN_UNINITIALIZED_AUTOS = YES_AGGRESSIVE;
				GCC_WARN_UNUSED_FUNCTION = YES;
				GCC_WARN_UNUSED_VARIABLE = YES;
				LOCALIZATION_PREFERS_STRING_CATALOGS = YES;
				MACOSX_DEPLOYMENT_TARGET = 13.7;
				MTL_ENABLE_DEBUG_INFO = NO;
				MTL_FAST_MATH = YES;
				SDKROOT = macosx;
				SWIFT_COMPILATION_MODE = wholemodule;
			};
			name = Release;
		};
		ED8A5F962DFD6DB100ABB713 /* Debug */ = {
			isa = XCBuildConfiguration;
			buildSettings = {
				ASSETCATALOG_COMPILER_APPICON_NAME = AppIcon;
				ASSETCATALOG_COMPILER_GLOBAL_ACCENT_COLOR_NAME = AccentColor;
				CODE_SIGN_ENTITLEMENTS = Wunderground/Wunderground.entitlements;
				"CODE_SIGN_IDENTITY[sdk=macosx*]" = "Apple Development";
				CODE_SIGN_STYLE = Automatic;
				COMBINE_HIDPI_IMAGES = YES;
				CURRENT_PROJECT_VERSION = 1;
				DEVELOPMENT_ASSET_PATHS = "\"Wunderground/Preview Content\"";
				DEVELOPMENT_TEAM = A84STBMRL6;
				ENABLE_HARDENED_RUNTIME = YES;
				ENABLE_PREVIEWS = YES;
				GENERATE_INFOPLIST_FILE = YES;
				INFOPLIST_KEY_NSHumanReadableCopyright = "";
				LD_RUNPATH_SEARCH_PATHS = (
					"$(inherited)",
					"@executable_path/../Frameworks",
				);
				MARKETING_VERSION = 1.0;
				PRODUCT_BUNDLE_IDENTIFIER = com.olaflueg.wundergroundapp;
				PRODUCT_NAME = "$(TARGET_NAME)";
				SWIFT_EMIT_LOC_STRINGS = YES;
				SWIFT_VERSION = 5.0;
			};
			name = Debug;
		};
		ED8A5F972DFD6DB100ABB713 /* Release */ = {
			isa = XCBuildConfiguration;
			buildSettings = {
				ASSETCATALOG_COMPILER_APPICON_NAME = AppIcon;
				ASSETCATALOG_COMPILER_GLOBAL_ACCENT_COLOR_NAME = AccentColor;
				CODE_SIGN_ENTITLEMENTS = Wunderground/Wunderground.entitlements;
				"CODE_SIGN_IDENTITY[sdk=macosx*]" = "Apple Development";
				CODE_SIGN_STYLE = Automatic;
				COMBINE_HIDPI_IMAGES = YES;
				CURRENT_PROJECT_VERSION = 1;
				DEVELOPMENT_ASSET_PATHS = "\"Wunderground/Preview Content\"";
				DEVELOPMENT_TEAM = A84STBMRL6;
				ENABLE_HARDENED_RUNTIME = YES;
				ENABLE_PREVIEWS = YES;
				GENERATE_INFOPLIST_FILE = YES;
				INFOPLIST_KEY_NSHumanReadableCopyright = "";
				LD_RUNPATH_SEARCH_PATHS = (
					"$(inherited)",
					"@executable_path/../Frameworks",
				);
				MARKETING_VERSION = 1.0;
				PRODUCT_BUNDLE_IDENTIFIER = com.olaflueg.wundergroundapp;
				PRODUCT_NAME = "$(TARGET_NAME)";
				SWIFT_EMIT_LOC_STRINGS = YES;
				SWIFT_VERSION = 5.0;
			};
			name = Release;
		};
/* End XCBuildConfiguration section */

/* Begin XCConfigurationList section */
		ED7E14422E03587F007082D9 /* Build configuration list for PBXNativeTarget "Wunderground-IOS" */ = {
			isa = XCConfigurationList;
			buildConfigurations = (
				ED7E14402E03587F007082D9 /* Debug */,
				ED7E14412E03587F007082D9 /* Release */,
			);
			defaultConfigurationIsVisible = 0;
			defaultConfigurationName = Release;
		};
		ED8A5F812DFD6DAC00ABB713 /* Build configuration list for PBXProject "Wunderground" */ = {
			isa = XCConfigurationList;
			buildConfigurations = (
				ED8A5F932DFD6DB100ABB713 /* Debug */,
				ED8A5F942DFD6DB100ABB713 /* Release */,
			);
			defaultConfigurationIsVisible = 0;
			defaultConfigurationName = Release;
		};
		ED8A5F952DFD6DB100ABB713 /* Build configuration list for PBXNativeTarget "Wunderground" */ = {
			isa = XCConfigurationList;
			buildConfigurations = (
				ED8A5F962DFD6DB100ABB713 /* Debug */,
				ED8A5F972DFD6DB100ABB713 /* Release */,
			);
			defaultConfigurationIsVisible = 0;
			defaultConfigurationName = Release;
		};
/* End XCConfigurationList section */
	};
	rootObject = ED8A5F7E2DFD6DAC00ABB713 /* Project object */;
}
